
Microsoft Visual Studio Solution File, Format Version 11.00
# Visual Studio 2010
Project("{E24C65DC-7377-472B-9ABA-BC803B73C61A}") = "securecommerce", ".", "{1CECA22A-0E7C-4A7F-A431-A30EF224EA1E}"
	ProjectSection(WebsiteProperties) = preProject
		TargetFrameworkMoniker = ".NETFramework,Version%3Dv4.0"
		Debug.AspNetCompiler.VirtualPath = "/securecommerce"
		Debug.AspNetCompiler.PhysicalPath = "D:\secure e-commerce\securecommerce\"
		Debug.AspNetCompiler.TargetPath = "PrecompiledWeb\securecommerce\"
		Debug.AspNetCompiler.Updateable = "true"
		Debug.AspNetCompiler.ForceOverwrite = "true"
		Debug.AspNetCompiler.FixedNames = "false"
		Debug.AspNetCompiler.Debug = "True"
		Release.AspNetCompiler.VirtualPath = "/securecommerce"
		Release.AspNetCompiler.PhysicalPath = "D:\secure e-commerce\securecommerce\"
		Release.AspNetCompiler.TargetPath = "PrecompiledWeb\securecommerce\"
		Release.AspNetCompiler.Updateable = "true"
		Release.AspNetCompiler.ForceOverwrite = "true"
		Release.AspNetCompiler.FixedNames = "false"
		Release.AspNetCompiler.Debug = "False"
		VWDPort = "1249"
	EndProjectSection
EndProject
Global
	GlobalSection(SolutionConfigurationPlatforms) = preSolution
		Debug|Any CPU = Debug|Any CPU
	EndGlobalSection
	GlobalSection(ProjectConfigurationPlatforms) = postSolution
		{1CECA22A-0E7C-4A7F-A431-A30EF224EA1E}.Debug|Any CPU.ActiveCfg = Debug|Any CPU
		{1CECA22A-0E7C-4A7F-A431-A30EF224EA1E}.Debug|Any CPU.Build.0 = Debug|Any CPU
	EndGlobalSection
	GlobalSection(SolutionProperties) = preSolution
		HideSolutionNode = FALSE
	EndGlobalSection
EndGlobal
